// !$*UTF8*$!
{
	archiveVersion = 1;
	classes = {
	};
	objectVersion = 56;
	objects = {

/* Begin PBXBuildFile section */
		995D549228E3C4B700943C2F /* main.swift in Sources */ = {isa = PBXBuildFile; fileRef = 995D549028E3C4B700943C2F /* main.swift */; };
		995D549328E3C4B700943C2F /* management.swift in Sources */ = {isa = PBXBuildFile; fileRef = 995D549128E3C4B700943C2F /* management.swift */; };
		995D549628E3C53E00943C2F /* Programmer.swift in Sources */ = {isa = PBXBuildFile; fileRef = 995D549528E3C53E00943C2F /* Programmer.swift */; };
		995D549828E3C58500943C2F /* Manager.swift in Sources */ = {isa = PBXBuildFile; fileRef = 995D549728E3C58500943C2F /* Manager.swift */; };
		995D549A28E3C59000943C2F /* Tester.swift in Sources */ = {isa = PBXBuildFile; fileRef = 995D549928E3C59000943C2F /* Tester.swift */; };
		995D549F28E3C5F200943C2F /* Vehicle.swift in Sources */ = {isa = PBXBuildFile; fileRef = 995D549E28E3C5F200943C2F /* Vehicle.swift */; };
		995D54A128E3C5FD00943C2F /* Car.swift in Sources */ = {isa = PBXBuildFile; fileRef = 995D54A028E3C5FC00943C2F /* Car.swift */; };
		995D54A328E3C60700943C2F /* Motorcycle.swift in Sources */ = {isa = PBXBuildFile; fileRef = 995D54A228E3C60700943C2F /* Motorcycle.swift */; };
		995D54A528E3C64B00943C2F /* Employee.swift in Sources */ = {isa = PBXBuildFile; fileRef = 995D54A428E3C64B00943C2F /* Employee.swift */; };
		995D54A728E3C6D600943C2F /* Permanent.swift in Sources */ = {isa = PBXBuildFile; fileRef = 995D54A628E3C6D600943C2F /* Permanent.swift */; };
		995D54A928E3C6E700943C2F /* Temporary.swift in Sources */ = {isa = PBXBuildFile; fileRef = 995D54A828E3C6E700943C2F /* Temporary.swift */; };
		99B86B7228EEB89E000397E6 /* Contract.swift in Sources */ = {isa = PBXBuildFile; fileRef = 99B86B7128EEB89E000397E6 /* Contract.swift */; };
/* End PBXBuildFile section */

/* Begin PBXCopyFilesBuildPhase section */
		995D548328E3C47400943C2F /* CopyFiles */ = {
			isa = PBXCopyFilesBuildPhase;
			buildActionMask = 2147483647;
			dstPath = /usr/share/man/man1/;
			dstSubfolderSpec = 0;
			files = (
			);
			runOnlyForDeploymentPostprocessing = 1;
		};
/* End PBXCopyFilesBuildPhase section */

/* Begin PBXFileReference section */
		995D548528E3C47400943C2F /* Project_MAD3004_TeamMaple */ = {isa = PBXFileReference; explicitFileType = "compiled.mach-o.executable"; includeInIndex = 0; path = Project_MAD3004_TeamMaple; sourceTree = BUILT_PRODUCTS_DIR; };
		995D549028E3C4B700943C2F /* main.swift */ = {isa = PBXFileReference; fileEncoding = 4; lastKnownFileType = sourcecode.swift; path = main.swift; sourceTree = "<group>"; };
		995D549128E3C4B700943C2F /* management.swift */ = {isa = PBXFileReference; fileEncoding = 4; lastKnownFileType = sourcecode.swift; path = management.swift; sourceTree = "<group>"; };
		995D549528E3C53E00943C2F /* Programmer.swift */ = {isa = PBXFileReference; lastKnownFileType = sourcecode.swift; path = Programmer.swift; sourceTree = "<group>"; };
		995D549728E3C58500943C2F /* Manager.swift */ = {isa = PBXFileReference; lastKnownFileType = sourcecode.swift; path = Manager.swift; sourceTree = "<group>"; };
		995D549928E3C59000943C2F /* Tester.swift */ = {isa = PBXFileReference; lastKnownFileType = sourcecode.swift; path = Tester.swift; sourceTree = "<group>"; };
		995D549E28E3C5F200943C2F /* Vehicle.swift */ = {isa = PBXFileReference; lastKnownFileType = sourcecode.swift; path = Vehicle.swift; sourceTree = "<group>"; };
		995D54A028E3C5FC00943C2F /* Car.swift */ = {isa = PBXFileReference; lastKnownFileType = sourcecode.swift; path = Car.swift; sourceTree = "<group>"; };
		995D54A228E3C60700943C2F /* Motorcycle.swift */ = {isa = PBXFileReference; lastKnownFileType = sourcecode.swift; path = Motorcycle.swift; sourceTree = "<group>"; };
		995D54A428E3C64B00943C2F /* Employee.swift */ = {isa = PBXFileReference; lastKnownFileType = sourcecode.swift; path = Employee.swift; sourceTree = "<group>"; };
		995D54A628E3C6D600943C2F /* Permanent.swift */ = {isa = PBXFileReference; lastKnownFileType = sourcecode.swift; path = Permanent.swift; sourceTree = "<group>"; };
		995D54A828E3C6E700943C2F /* Temporary.swift */ = {isa = PBXFileReference; lastKnownFileType = sourcecode.swift; path = Temporary.swift; sourceTree = "<group>"; };
		99B86B7128EEB89E000397E6 /* Contract.swift */ = {isa = PBXFileReference; lastKnownFileType = sourcecode.swift; path = Contract.swift; sourceTree = "<group>"; };
/* End PBXFileReference section */

/* Begin PBXFrameworksBuildPhase section */
		995D548228E3C47400943C2F /* Frameworks */ = {
			isa = PBXFrameworksBuildPhase;
			buildActionMask = 2147483647;
			files = (
			);
			runOnlyForDeploymentPostprocessing = 0;
		};
/* End PBXFrameworksBuildPhase section */

/* Begin PBXGroup section */
		995D547C28E3C47400943C2F = {
			isa = PBXGroup;
			children = (
				995D548728E3C47400943C2F /* Project_MAD3004_TeamMaple */,
				995D548628E3C47400943C2F /* Products */,
			);
			sourceTree = "<group>";
		};
		995D548628E3C47400943C2F /* Products */ = {
			isa = PBXGroup;
			children = (
				995D548528E3C47400943C2F /* Project_MAD3004_TeamMaple */,
			);
			name = Products;
			sourceTree = "<group>";
		};
		995D548728E3C47400943C2F /* Project_MAD3004_TeamMaple */ = {
			isa = PBXGroup;
			children = (
				995D549428E3C50100943C2F /* Work Space */,
				995D548F28E3C48D00943C2F /* Test Files */,
			);
			path = Project_MAD3004_TeamMaple;
			sourceTree = "<group>";
		};
		995D548F28E3C48D00943C2F /* Test Files */ = {
			isa = PBXGroup;
			children = (
				995D549028E3C4B700943C2F /* main.swift */,
				995D549128E3C4B700943C2F /* management.swift */,
			);
			path = "Test Files";
			sourceTree = "<group>";
		};
		995D549428E3C50100943C2F /* Work Space */ = {
			isa = PBXGroup;
			children = (
				995D549D28E3C5D600943C2F /* Part 3 */,
				995D549C28E3C5D000943C2F /* Part 2 */,
				995D549B28E3C5C200943C2F /* Part 1 */,
			);
			path = "Work Space";
			sourceTree = "<group>";
		};
		995D549B28E3C5C200943C2F /* Part 1 */ = {
			isa = PBXGroup;
			children = (
				995D549528E3C53E00943C2F /* Programmer.swift */,
				995D549728E3C58500943C2F /* Manager.swift */,
				995D549928E3C59000943C2F /* Tester.swift */,
				995D54A428E3C64B00943C2F /* Employee.swift */,
			);
			path = "Part 1";
			sourceTree = "<group>";
		};
		995D549C28E3C5D000943C2F /* Part 2 */ = {
			isa = PBXGroup;
			children = (
				995D549E28E3C5F200943C2F /* Vehicle.swift */,
				995D54A028E3C5FC00943C2F /* Car.swift */,
				995D54A228E3C60700943C2F /* Motorcycle.swift */,
			);
			path = "Part 2";
			sourceTree = "<group>";
		};
		995D549D28E3C5D600943C2F /* Part 3 */ = {
			isa = PBXGroup;
			children = (
				995D54A628E3C6D600943C2F /* Permanent.swift */,
				995D54A828E3C6E700943C2F /* Temporary.swift */,
				99B86B7128EEB89E000397E6 /* Contract.swift */,
			);
			path = "Part 3";
			sourceTree = "<group>";
		};
/* End PBXGroup section */

/* Begin PBXNativeTarget section */
		995D548428E3C47400943C2F /* Project_MAD3004_TeamMaple */ = {
			isa = PBXNativeTarget;
			buildConfigurationList = 995D548C28E3C47400943C2F /* Build configuration list for PBXNativeTarget "Project_MAD3004_TeamMaple" */;
			buildPhases = (
				995D548128E3C47400943C2F /* Sources */,
				995D548228E3C47400943C2F /* Frameworks */,
				995D548328E3C47400943C2F /* CopyFiles */,
			);
			buildRules = (
			);
			dependencies = (
			);
			name = Project_MAD3004_TeamMaple;
			productName = Project_MAD3004_TeamMaple;
			productReference = 995D548528E3C47400943C2F /* Project_MAD3004_TeamMaple */;
			productType = "com.apple.product-type.tool";
		};
/* End PBXNativeTarget section */

/* Begin PBXProject section */
		995D547D28E3C47400943C2F /* Project object */ = {
			isa = PBXProject;
			attributes = {
				BuildIndependentTargetsInParallel = 1;
				LastSwiftUpdateCheck = 1400;
				LastUpgradeCheck = 1400;
				TargetAttributes = {
					995D548428E3C47400943C2F = {
						CreatedOnToolsVersion = 14.0;
					};
				};
			};
			buildConfigurationList = 995D548028E3C47400943C2F /* Build configuration list for PBXProject "Project_MAD3004_TeamMaple" */;
			compatibilityVersion = "Xcode 14.0";
			developmentRegion = en;
			hasScannedForEncodings = 0;
			knownRegions = (
				en,
				Base,
			);
			mainGroup = 995D547C28E3C47400943C2F;
			productRefGroup = 995D548628E3C47400943C2F /* Products */;
			projectDirPath = "";
			projectRoot = "";
			targets = (
				995D548428E3C47400943C2F /* Project_MAD3004_TeamMaple */,
			);
		};
/* End PBXProject section */

/* Begin PBXSourcesBuildPhase section */
		995D548128E3C47400943C2F /* Sources */ = {
			isa = PBXSourcesBuildPhase;
			buildActionMask = 2147483647;
			files = (
				995D549F28E3C5F200943C2F /* Vehicle.swift in Sources */,
				995D54A928E3C6E700943C2F /* Temporary.swift in Sources */,
				995D54A528E3C64B00943C2F /* Employee.swift in Sources */,
				99B86B7228EEB89E000397E6 /* Contract.swift in Sources */,
				995D549228E3C4B700943C2F /* main.swift in Sources */,
				995D549A28E3C59000943C2F /* Tester.swift in Sources */,
				995D549628E3C53E00943C2F /* Programmer.swift in Sources */,
				995D54A328E3C60700943C2F /* Motorcycle.swift in Sources */,
				995D54A728E3C6D600943C2F /* Permanent.swift in Sources */,
				995D549328E3C4B700943C2F /* management.swift in Sources */,
				995D54A128E3C5FD00943C2F /* Car.swift in Sources */,
				995D549828E3C58500943C2F /* Manager.swift in Sources */,
			);
			runOnlyForDeploymentPostprocessing = 0;
		};
/* End PBXSourcesBuildPhase section */

/* Begin XCBuildConfiguration section */
		995D548A28E3C47400943C2F /* Debug */ = {
			isa = XCBuildConfiguration;
			buildSettings = {
				ALWAYS_SEARCH_USER_PATHS = NO;
				CLANG_ANALYZER_NONNULL = YES;
				CLANG_ANALYZER_NUMBER_OBJECT_CONVERSION = YES_AGGRESSIVE;
				CLANG_CXX_LANGUAGE_STANDARD = "gnu++20";
				CLANG_ENABLE_MODULES = YES;
				CLANG_ENABLE_OBJC_ARC = YES;
				CLANG_ENABLE_OBJC_WEAK = YES;
				CLANG_WARN_BLOCK_CAPTURE_AUTORELEASING = YES;
				CLANG_WARN_BOOL_CONVERSION = YES;
				CLANG_WARN_COMMA = YES;
				CLANG_WARN_CONSTANT_CONVERSION = YES;
				CLANG_WARN_DEPRECATED_OBJC_IMPLEMENTATIONS = YES;
				CLANG_WARN_DIRECT_OBJC_ISA_USAGE = YES_ERROR;
				CLANG_WARN_DOCUMENTATION_COMMENTS = YES;
				CLANG_WARN_EMPTY_BODY = YES;
				CLANG_WARN_ENUM_CONVERSION = YES;
				CLANG_WARN_INFINITE_RECURSION = YES;
				CLANG_WARN_INT_CONVERSION = YES;
				CLANG_WARN_NON_LITERAL_NULL_CONVERSION = YES;
				CLANG_WARN_OBJC_IMPLICIT_RETAIN_SELF = YES;
				CLANG_WARN_OBJC_LITERAL_CONVERSION = YES;
				CLANG_WARN_OBJC_ROOT_CLASS = YES_ERROR;
				CLANG_WARN_QUOTED_INCLUDE_IN_FRAMEWORK_HEADER = YES;
				CLANG_WARN_RANGE_LOOP_ANALYSIS = YES;
				CLANG_WARN_STRICT_PROTOTYPES = YES;
				CLANG_WARN_SUSPICIOUS_MOVE = YES;
				CLANG_WARN_UNGUARDED_AVAILABILITY = YES_AGGRESSIVE;
				CLANG_WARN_UNREACHABLE_CODE = YES;
				CLANG_WARN__DUPLICATE_METHOD_MATCH = YES;
				COPY_PHASE_STRIP = NO;
				DEBUG_INFORMATION_FORMAT = dwarf;
				ENABLE_STRICT_OBJC_MSGSEND = YES;
				ENABLE_TESTABILITY = YES;
				GCC_C_LANGUAGE_STANDARD = gnu11;
				GCC_DYNAMIC_NO_PIC = NO;
				GCC_NO_COMMON_BLOCKS = YES;
				GCC_OPTIMIZATION_LEVEL = 0;
				GCC_PREPROCESSOR_DEFINITIONS = (
					"DEBUG=1",
					"$(inherited)",
				);
				GCC_WARN_64_TO_32_BIT_CONVERSION = YES;
				GCC_WARN_ABOUT_RETURN_TYPE = YES_ERROR;
				GCC_WARN_UNDECLARED_SELECTOR = YES;
				GCC_WARN_UNINITIALIZED_AUTOS = YES_AGGRESSIVE;
				GCC_WARN_UNUSED_FUNCTION = YES;
				GCC_WARN_UNUSED_VARIABLE = YES;
				MACOSX_DEPLOYMENT_TARGET = 12.3;
				MTL_ENABLE_DEBUG_INFO = INCLUDE_SOURCE;
				MTL_FAST_MATH = YES;
				ONLY_ACTIVE_ARCH = YES;
				SDKROOT = macosx;
				SWIFT_ACTIVE_COMPILATION_CONDITIONS = DEBUG;
				SWIFT_OPTIMIZATION_LEVEL = "-Onone";
			};
			name = Debug;
		};
		995D548B28E3C47400943C2F /* Release */ = {
			isa = XCBuildConfiguration;
			buildSettings = {
				ALWAYS_SEARCH_USER_PATHS = NO;
				CLANG_ANALYZER_NONNULL = YES;
				CLANG_ANALYZER_NUMBER_OBJECT_CONVERSION = YES_AGGRESSIVE;
				CLANG_CXX_LANGUAGE_STANDARD = "gnu++20";
				CLANG_ENABLE_MODULES = YES;
				CLANG_ENABLE_OBJC_ARC = YES;
				CLANG_ENABLE_OBJC_WEAK = YES;
				CLANG_WARN_BLOCK_CAPTURE_AUTORELEASING = YES;
				CLANG_WARN_BOOL_CONVERSION = YES;
				CLANG_WARN_COMMA = YES;
				CLANG_WARN_CONSTANT_CONVERSION = YES;
				CLANG_WARN_DEPRECATED_OBJC_IMPLEMENTATIONS = YES;
				CLANG_WARN_DIRECT_OBJC_ISA_USAGE = YES_ERROR;
				CLANG_WARN_DOCUMENTATION_COMMENTS = YES;
				CLANG_WARN_EMPTY_BODY = YES;
				CLANG_WARN_ENUM_CONVERSION = YES;
				CLANG_WARN_INFINITE_RECURSION = YES;
				CLANG_WARN_INT_CONVERSION = YES;
				CLANG_WARN_NON_LITERAL_NULL_CONVERSION = YES;
				CLANG_WARN_OBJC_IMPLICIT_RETAIN_SELF = YES;
				CLANG_WARN_OBJC_LITERAL_CONVERSION = YES;
				CLANG_WARN_OBJC_ROOT_CLASS = YES_ERROR;
				CLANG_WARN_QUOTED_INCLUDE_IN_FRAMEWORK_HEADER = YES;
				CLANG_WARN_RANGE_LOOP_ANALYSIS = YES;
				CLANG_WARN_STRICT_PROTOTYPES = YES;
				CLANG_WARN_SUSPICIOUS_MOVE = YES;
				CLANG_WARN_UNGUARDED_AVAILABILITY = YES_AGGRESSIVE;
				CLANG_WARN_UNREACHABLE_CODE = YES;
				CLANG_WARN__DUPLICATE_METHOD_MATCH = YES;
				COPY_PHASE_STRIP = NO;
				DEBUG_INFORMATION_FORMAT = "dwarf-with-dsym";
				ENABLE_NS_ASSERTIONS = NO;
				ENABLE_STRICT_OBJC_MSGSEND = YES;
				GCC_C_LANGUAGE_STANDARD = gnu11;
				GCC_NO_COMMON_BLOCKS = YES;
				GCC_WARN_64_TO_32_BIT_CONVERSION = YES;
				GCC_WARN_ABOUT_RETURN_TYPE = YES_ERROR;
				GCC_WARN_UNDECLARED_SELECTOR = YES;
				GCC_WARN_UNINITIALIZED_AUTOS = YES_AGGRESSIVE;
				GCC_WARN_UNUSED_FUNCTION = YES;
				GCC_WARN_UNUSED_VARIABLE = YES;
				MACOSX_DEPLOYMENT_TARGET = 12.3;
				MTL_ENABLE_DEBUG_INFO = NO;
				MTL_FAST_MATH = YES;
				SDKROOT = macosx;
				SWIFT_COMPILATION_MODE = wholemodule;
				SWIFT_OPTIMIZATION_LEVEL = "-O";
			};
			name = Release;
		};
		995D548D28E3C47400943C2F /* Debug */ = {
			isa = XCBuildConfiguration;
			buildSettings = {
				CODE_SIGN_STYLE = Automatic;
				PRODUCT_NAME = "$(TARGET_NAME)";
				SWIFT_VERSION = 5.0;
			};
			name = Debug;
		};
		995D548E28E3C47400943C2F /* Release */ = {
			isa = XCBuildConfiguration;
			buildSettings = {
				CODE_SIGN_STYLE = Automatic;
				PRODUCT_NAME = "$(TARGET_NAME)";
				SWIFT_VERSION = 5.0;
			};
			name = Release;
		};
/* End XCBuildConfiguration section */

/* Begin XCConfigurationList section */
		995D548028E3C47400943C2F /* Build configuration list for PBXProject "Project_MAD3004_TeamMaple" */ = {
			isa = XCConfigurationList;
			buildConfigurations = (
				995D548A28E3C47400943C2F /* Debug */,
				995D548B28E3C47400943C2F /* Release */,
			);
			defaultConfigurationIsVisible = 0;
			defaultConfigurationName = Release;
		};
		995D548C28E3C47400943C2F /* Build configuration list for PBXNativeTarget "Project_MAD3004_TeamMaple" */ = {
			isa = XCConfigurationList;
			buildConfigurations = (
				995D548D28E3C47400943C2F /* Debug */,
				995D548E28E3C47400943C2F /* Release */,
			);
			defaultConfigurationIsVisible = 0;
			defaultConfigurationName = Release;
		};
/* End XCConfigurationList section */
	};
	rootObject = 995D547D28E3C47400943C2F /* Project object */;
}
